lockfileVersion: '9.0'

settings:
  autoInstallPeers: true
  excludeLinksFromLockfile: false

importers:

  .:
    dependencies:
      kafkajs:
        specifier: ^2.2.4
        version: 2.2.4
    devDependencies:
      '@types/kafkajs':
        specifier: ^1.9.0
        version: 1.9.0
      '@types/node':
        specifier: ^22.4.0
        version: 22.4.0
      typescript:
        specifier: ^5.5.4
        version: 5.5.4

packages:

  '@types/kafkajs@1.9.0':
    resolution: {integrity: sha512-R9VDNbiw+vNfxWjjFHUrLMF/Dfc7asGXzKtYUwI4FaT24Chf5ZNkfvce54p4dkLMxPcsrEsVazAK0Jp2ib4Zxw==}
    deprecated: This is a stub types definition. kafkajs provides its own type definitions, so you do not need this installed.

  '@types/node@22.4.0':
    resolution: {integrity: sha512-49AbMDwYUz7EXxKU/r7mXOsxwFr4BYbvB7tWYxVuLdb2ibd30ijjXINSMAHiEEZk5PCRBmW1gUeisn2VMKt3cQ==}

  kafkajs@2.2.4:
    resolution: {integrity: sha512-j/YeapB1vfPT2iOIUn/vxdyKEuhuY2PxMBvf5JWux6iSaukAccrMtXEY/Lb7OvavDhOWME589bpLrEdnVHjfjA==}
    engines: {node: '>=14.0.0'}

  typescript@5.5.4:
    resolution: {integrity: sha512-Mtq29sKDAEYP7aljRgtPOpTvOfbwRWlS6dPRzwjdE+C0R4brX/GUyhHSecbHMFLNBLcJIPt9nl9yG5TZ1weH+Q==}
    engines: {node: '>=14.17'}
    hasBin: true

  undici-types@6.19.6:
    resolution: {integrity: sha512-e/vggGopEfTKSvj4ihnOLTsqhrKRN3LeO6qSN/GxohhuRv8qH9bNQ4B8W7e/vFL+0XTnmHPB4/kegunZGA4Org==}

snapshots:

  '@types/kafkajs@1.9.0':
    dependencies:
      kafkajs: 2.2.4

  '@types/node@22.4.0':
    dependencies:
      undici-types: 6.19.6

  kafkajs@2.2.4: {}

  typescript@5.5.4: {}

  undici-types@6.19.6: {}
